PODS:
  - Capable/Colors (1.1.4)
  - CommonDataModelsKit-iOS (1.0.20)
  - Firebase/Analytics (6.27.1):
    - Firebase/Core
  - Firebase/Core (6.27.1):
    - Firebase/CoreOnly
    - FirebaseAnalytics (= 6.6.2)
  - Firebase/CoreOnly (6.27.1):
    - FirebaseCore (= 6.8.1)
  - FirebaseAnalytics (6.6.2):
    - FirebaseCore (~> 6.8)
    - FirebaseInstallations (~> 1.4)
    - GoogleAppMeasurement (= 6.6.2)
    - GoogleUtilities/AppDelegateSwizzler (~> 6.0)
    - GoogleUtilities/MethodSwizzler (~> 6.0)
    - GoogleUtilities/Network (~> 6.0)
    - "GoogleUtilities/NSData+zlib (~> 6.0)"
    - nanopb (~> 1.30905.0)
  - FirebaseCore (6.8.1):
    - FirebaseCoreDiagnostics (~> 1.3)
    - GoogleUtilities/Environment (~> 6.5)
    - GoogleUtilities/Logger (~> 6.5)
  - FirebaseCoreDiagnostics (1.4.0):
    - GoogleDataTransportCCTSupport (~> 3.1)
    - GoogleUtilities/Environment (~> 6.5)
    - GoogleUtilities/Logger (~> 6.5)
    - nanopb (~> 1.30905.0)
  - FirebaseInstallations (1.4.0):
    - FirebaseCore (~> 6.8)
    - GoogleUtilities/Environment (~> 6.6)
    - GoogleUtilities/UserDefaults (~> 6.6)
    - PromisesObjC (~> 1.2)
  - Flurry-iOS-SDK/FlurrySDK (10.3.3)
  - GoogleAppMeasurement (6.6.2):
    - GoogleUtilities/AppDelegateSwizzler (~> 6.0)
    - GoogleUtilities/MethodSwizzler (~> 6.0)
    - GoogleUtilities/Network (~> 6.0)
    - "GoogleUtilities/NSData+zlib (~> 6.0)"
    - nanopb (~> 1.30905.0)
  - GoogleDataTransport (6.2.1)
  - GoogleDataTransportCCTSupport (3.2.0):
    - GoogleDataTransport (~> 6.1)
    - nanopb (~> 1.30905.0)
  - GoogleUtilities/AppDelegateSwizzler (6.6.0):
    - GoogleUtilities/Environment
    - GoogleUtilities/Logger
    - GoogleUtilities/Network
  - GoogleUtilities/Environment (6.6.0):
    - PromisesObjC (~> 1.2)
  - GoogleUtilities/Logger (6.6.0):
    - GoogleUtilities/Environment
  - GoogleUtilities/MethodSwizzler (6.6.0):
    - GoogleUtilities/Logger
  - GoogleUtilities/Network (6.6.0):
    - GoogleUtilities/Logger
    - "GoogleUtilities/NSData+zlib"
    - GoogleUtilities/Reachability
  - "GoogleUtilities/NSData+zlib (6.6.0)"
  - GoogleUtilities/Reachability (6.6.0):
    - GoogleUtilities/Logger
  - GoogleUtilities/UserDefaults (6.6.0):
    - GoogleUtilities/Logger
  - LocalisationManagerKit-iOS (1.0.0)
  - MOLH (1.4.1)
  - nanopb (1.30905.0):
    - nanopb/decode (= 1.30905.0)
    - nanopb/encode (= 1.30905.0)
  - nanopb/decode (1.30905.0)
  - nanopb/encode (1.30905.0)
  - Nuke (9.1.1)
  - PromisesObjC (1.2.9)
  - SheetyColors (1.2.0):
    - Capable/Colors (~> 1.1)
  - SnapKit (5.0.1)
  - SwiftLint (0.39.2)
  - TapCardVlidatorKit-iOS (1.0.5)
  - TapFontKit-iOS (0.0.3):
    - SwiftLint
    - TapSwiftFixes
  - TapSwiftFixes (1.0.9):
    - TapSwiftFixes/CoreGraphics (= 1.0.9)
    - TapSwiftFixes/Exceptions (= 1.0.9)
    - TapSwiftFixes/Threading (= 1.0.9)
  - TapSwiftFixes/CoreGraphics (1.0.9)
  - TapSwiftFixes/Exceptions (1.0.9)
  - TapSwiftFixes/Threading (1.0.9)
  - TapThemeManager2020 (1.0.29):
    - LocalisationManagerKit-iOS
    - TapFontKit-iOS

DEPENDENCIES:
  - CommonDataModelsKit-iOS
  - Firebase/Analytics
  - Flurry-iOS-SDK/FlurrySDK
  - LocalisationManagerKit-iOS
  - MOLH
  - Nuke
  - SheetyColors
  - SnapKit
  - TapCardVlidatorKit-iOS
  - TapThemeManager2020

SPEC REPOS:
  trunk:
    - Capable
    - CommonDataModelsKit-iOS
    - Firebase
    - FirebaseAnalytics
    - FirebaseCore
    - FirebaseCoreDiagnostics
    - FirebaseInstallations
    - Flurry-iOS-SDK
    - GoogleAppMeasurement
    - GoogleDataTransport
    - GoogleDataTransportCCTSupport
    - GoogleUtilities
    - LocalisationManagerKit-iOS
    - MOLH
    - nanopb
    - Nuke
    - PromisesObjC
    - SheetyColors
    - SnapKit
    - SwiftLint
    - TapCardVlidatorKit-iOS
    - TapFontKit-iOS
    - TapSwiftFixes
    - TapThemeManager2020

SPEC CHECKSUMS:
  Capable: 9f420f2a80a12144814ea2f0ba196516a0827ca1
  CommonDataModelsKit-iOS: a55a5a76c4355df707ffdce4aa7c87dae2eea687
  Firebase: 919186c8e119dd9372a45fd1dd17a8a942bc1892
  FirebaseAnalytics: 5fa308e1b13f838d0f6dc74719ac2a72e8c5afc4
  FirebaseCore: 8cd4f8ea22075e0ee582849b1cf79d8816506085
  FirebaseCoreDiagnostics: 4505e4d4009b1d93f605088ee7d7764d5f0d1c84
  FirebaseInstallations: 293f567159b6d66d1c990f13bb868066096c94ec
  Flurry-iOS-SDK: 74038865f22ab9f587877b6a01b79e1b3bd86e01
  GoogleAppMeasurement: 8cd1f289d60e629cf16ab03363b9e89c776b9651
  GoogleDataTransport: 9a8a16f79feffc7f42096743de2a7c4815e84020
  GoogleDataTransportCCTSupport: 489c1265d2c85b68187a83a911913d190012158d
  GoogleUtilities: 39530bc0ad980530298e9c4af8549e991fd033b1
  LocalisationManagerKit-iOS: fe6a1f2e07d7bf73335675517d2f261f33124274
  MOLH: 9ea6c0390f5963b2df9827ae64035fbc8598b092
  nanopb: c43f40fadfe79e8b8db116583945847910cbabc9
  Nuke: af4301b154d3afd8a3b045a5194a9a773a00b7a8
  PromisesObjC: b48e0338dbbac2207e611750777895f7a5811b75
  SheetyColors: 8dc64a666415be8a81df3c5d44b9088d6f8bee2e
  SnapKit: 97b92857e3df3a0c71833cce143274bf6ef8e5eb
  SwiftLint: 22ccbbe3b8008684be5955693bab135e0ed6a447
  TapCardVlidatorKit-iOS: f87ab5b7378c0b144157e700dc3c4c7f78a61345
  TapFontKit-iOS: 2810f6f66ad8a1fa9a2afc0e3cbaf6ecd5dc9d1f
  TapSwiftFixes: db2aeb21942dd81ee051a31ed319dab0d03547a2
  TapThemeManager2020: a5f09c98d290769d5f0d9eb78261a1a263a01bc5

PODFILE CHECKSUM: 69abab78807651a5b13b7f3ca3be7aa1a0dfd9c1

COCOAPODS: 1.9.3
