PODS:
  - SnapKit (5.0.1)
  - TapCardValidator (1.2.6)
  - TapThemeManager2020 (0.0.1)

DEPENDENCIES:
  - SnapKit
  - TapCardValidator
  - TapThemeManager2020

SPEC REPOS:
  trunk:
    - SnapKit
    - TapCardValidator
    - TapThemeManager2020

SPEC CHECKSUMS:
  SnapKit: 97b92857e3df3a0c71833cce143274bf6ef8e5eb
  TapCardValidator: 8d43b6e8a1a78276c03116a5b625041adeffeb0d
  TapThemeManager2020: df3be57f5e815931e8ba63c407d3d68248ed6a7d

PODFILE CHECKSUM: c048e0aa67a4fa2662861b9ad9503d9d54f48e29

COCOAPODS: 1.8.4
